
Microsoft Visual Studio Solution File, Format Version 12.00
# Visual Studio Version 17
VisualStudioVersion = 17.11.35327.3
MinimumVisualStudioVersion = 10.0.40219.1
Project("{FAE04EC0-301F-11D3-BF4B-00C04F79EFBC}") = "C07-P02", "C07-P02.csproj", "{D672074A-55AE-4BA9-AD1A-A62810A56BF7}"
EndProject
Global
	GlobalSection(SolutionConfigurationPlatforms) = preSolution
		Debug|Any CPU = Debug|Any CPU
		Release|Any CPU = Release|Any CPU
	EndGlobalSection
	GlobalSection(ProjectConfigurationPlatforms) = postSolution
		{D672074A-55AE-4BA9-AD1A-A62810A56BF7}.Debug|Any CPU.ActiveCfg = Debug|Any CPU
		{D672074A-55AE-4BA9-AD1A-A62810A56BF7}.Debug|Any CPU.Build.0 = Debug|Any CPU
		{D672074A-55AE-4BA9-AD1A-A62810A56BF7}.Release|Any CPU.ActiveCfg = Release|Any CPU
		{D672074A-55AE-4BA9-AD1A-A62810A56BF7}.Release|Any CPU.Build.0 = Release|Any CPU
	EndGlobalSection
	GlobalSection(SolutionProperties) = preSolution
		HideSolutionNode = FALSE
	EndGlobalSection
	GlobalSection(ExtensibilityGlobals) = postSolution
		SolutionGuid = {72C42004-0C61-40BD-8B0F-1F972AF37074}
	EndGlobalSection
EndGlobal
